
Microsoft Visual Studio Solution File, Format Version 12.00
# Visual Studio Version 17
VisualStudioVersion = 17.11.35327.3
MinimumVisualStudioVersion = 10.0.40219.1
Project("{2150E333-8FDC-42A3-9474-1A3956D46DE8}") = "FrontEnd", "FrontEnd", "{9645122D-2211-4125-878A-6017BBAB5402}"
EndProject
Project("{2150E333-8FDC-42A3-9474-1A3956D46DE8}") = "BackEnd", "BackEnd", "{79F115A1-094B-412B-B4F4-A030C3DC4265}"
EndProject
Project("{FAE04EC0-301F-11D3-BF4B-00C04F79EFBC}") = "BearingStock.Web", "BearingStock.Web\BearingStock.Web\BearingStock.Web.csproj", "{DFC70E4F-F7BA-4F3D-9D52-6AEE41DF23D8}"
EndProject
Project("{FAE04EC0-301F-11D3-BF4B-00C04F79EFBC}") = "BearingStock.Web.Client", "BearingStock.Web\BearingStock.Web.Client\BearingStock.Web.Client.csproj", "{C778057B-FDC4-4D8A-8CD9-2631D8DC4DF7}"
EndProject
Project("{FAE04EC0-301F-11D3-BF4B-00C04F79EFBC}") = "BearingStock.Api", "BearingStock.Api\BearingStock.Api.csproj", "{A8BDE5D4-261D-48DF-9563-4C1BCDFED204}"
EndProject
Project("{FAE04EC0-301F-11D3-BF4B-00C04F79EFBC}") = "BearingStock.Core", "BearingStock.Core\BearingStock.Core.csproj", "{103975FE-5385-409E-BEB2-5E216B15BFDF}"
EndProject
Project("{FAE04EC0-301F-11D3-BF4B-00C04F79EFBC}") = "BearingStock.Domain", "BearingStock.Domain\BearingStock.Domain.csproj", "{B0472D67-BEF4-42ED-B3FF-74AB950806A4}"
EndProject
Project("{2150E333-8FDC-42A3-9474-1A3956D46DE8}") = "Tests", "Tests", "{B49B805E-67C9-49F2-AC91-C5D1A6C98606}"
EndProject
Project("{FAE04EC0-301F-11D3-BF4B-00C04F79EFBC}") = "BearingStock.Tests", "BearingStock.Tests\BearingStock.Tests.csproj", "{838907E7-62FC-4984-BE25-E521CBFE589C}"
EndProject
Global
	GlobalSection(SolutionConfigurationPlatforms) = preSolution
		Debug|Any CPU = Debug|Any CPU
		Release|Any CPU = Release|Any CPU
	EndGlobalSection
	GlobalSection(ProjectConfigurationPlatforms) = postSolution
		{DFC70E4F-F7BA-4F3D-9D52-6AEE41DF23D8}.Debug|Any CPU.ActiveCfg = Debug|Any CPU
		{DFC70E4F-F7BA-4F3D-9D52-6AEE41DF23D8}.Debug|Any CPU.Build.0 = Debug|Any CPU
		{DFC70E4F-F7BA-4F3D-9D52-6AEE41DF23D8}.Release|Any CPU.ActiveCfg = Release|Any CPU
		{DFC70E4F-F7BA-4F3D-9D52-6AEE41DF23D8}.Release|Any CPU.Build.0 = Release|Any CPU
		{C778057B-FDC4-4D8A-8CD9-2631D8DC4DF7}.Debug|Any CPU.ActiveCfg = Debug|Any CPU
		{C778057B-FDC4-4D8A-8CD9-2631D8DC4DF7}.Debug|Any CPU.Build.0 = Debug|Any CPU
		{C778057B-FDC4-4D8A-8CD9-2631D8DC4DF7}.Release|Any CPU.ActiveCfg = Release|Any CPU
		{C778057B-FDC4-4D8A-8CD9-2631D8DC4DF7}.Release|Any CPU.Build.0 = Release|Any CPU
		{A8BDE5D4-261D-48DF-9563-4C1BCDFED204}.Debug|Any CPU.ActiveCfg = Debug|Any CPU
		{A8BDE5D4-261D-48DF-9563-4C1BCDFED204}.Debug|Any CPU.Build.0 = Debug|Any CPU
		{A8BDE5D4-261D-48DF-9563-4C1BCDFED204}.Release|Any CPU.ActiveCfg = Release|Any CPU
		{A8BDE5D4-261D-48DF-9563-4C1BCDFED204}.Release|Any CPU.Build.0 = Release|Any CPU
		{103975FE-5385-409E-BEB2-5E216B15BFDF}.Debug|Any CPU.ActiveCfg = Debug|Any CPU
		{103975FE-5385-409E-BEB2-5E216B15BFDF}.Debug|Any CPU.Build.0 = Debug|Any CPU
		{103975FE-5385-409E-BEB2-5E216B15BFDF}.Release|Any CPU.ActiveCfg = Release|Any CPU
		{103975FE-5385-409E-BEB2-5E216B15BFDF}.Release|Any CPU.Build.0 = Release|Any CPU
		{B0472D67-BEF4-42ED-B3FF-74AB950806A4}.Debug|Any CPU.ActiveCfg = Debug|Any CPU
		{B0472D67-BEF4-42ED-B3FF-74AB950806A4}.Debug|Any CPU.Build.0 = Debug|Any CPU
		{B0472D67-BEF4-42ED-B3FF-74AB950806A4}.Release|Any CPU.ActiveCfg = Release|Any CPU
		{B0472D67-BEF4-42ED-B3FF-74AB950806A4}.Release|Any CPU.Build.0 = Release|Any CPU
		{838907E7-62FC-4984-BE25-E521CBFE589C}.Debug|Any CPU.ActiveCfg = Debug|Any CPU
		{838907E7-62FC-4984-BE25-E521CBFE589C}.Debug|Any CPU.Build.0 = Debug|Any CPU
		{838907E7-62FC-4984-BE25-E521CBFE589C}.Release|Any CPU.ActiveCfg = Release|Any CPU
		{838907E7-62FC-4984-BE25-E521CBFE589C}.Release|Any CPU.Build.0 = Release|Any CPU
	EndGlobalSection
	GlobalSection(SolutionProperties) = preSolution
		HideSolutionNode = FALSE
	EndGlobalSection
	GlobalSection(NestedProjects) = preSolution
		{DFC70E4F-F7BA-4F3D-9D52-6AEE41DF23D8} = {9645122D-2211-4125-878A-6017BBAB5402}
		{C778057B-FDC4-4D8A-8CD9-2631D8DC4DF7} = {9645122D-2211-4125-878A-6017BBAB5402}
		{A8BDE5D4-261D-48DF-9563-4C1BCDFED204} = {79F115A1-094B-412B-B4F4-A030C3DC4265}
		{103975FE-5385-409E-BEB2-5E216B15BFDF} = {79F115A1-094B-412B-B4F4-A030C3DC4265}
		{B0472D67-BEF4-42ED-B3FF-74AB950806A4} = {79F115A1-094B-412B-B4F4-A030C3DC4265}
		{838907E7-62FC-4984-BE25-E521CBFE589C} = {B49B805E-67C9-49F2-AC91-C5D1A6C98606}
	EndGlobalSection
	GlobalSection(ExtensibilityGlobals) = postSolution
		SolutionGuid = {4F88039F-0BC3-4224-86B1-21DA06E556FB}
	EndGlobalSection
EndGlobal
